
Microsoft Visual Studio Solution File, Format Version 12.00
# Visual Studio Version 17
VisualStudioVersion = 17.2.32616.157
MinimumVisualStudioVersion = 10.0.40219.1
Project("{9A19103F-16F7-4668-BE54-9A1E7A4F7556}") = "EMSApp", "EMSApp.csproj", "{F60C4D6A-565C-46FF-B80E-9A8EC7EF7B15}"
EndProject
Global
	GlobalSection(SolutionConfigurationPlatforms) = preSolution
		Debug|Any CPU = Debug|Any CPU
		Release|Any CPU = Release|Any CPU
	EndGlobalSection
	GlobalSection(ProjectConfigurationPlatforms) = postSolution
		{F60C4D6A-565C-46FF-B80E-9A8EC7EF7B15}.Debug|Any CPU.ActiveCfg = Debug|Any CPU
		{F60C4D6A-565C-46FF-B80E-9A8EC7EF7B15}.Debug|Any CPU.Build.0 = Debug|Any CPU
		{F60C4D6A-565C-46FF-B80E-9A8EC7EF7B15}.Release|Any CPU.ActiveCfg = Release|Any CPU
		{F60C4D6A-565C-46FF-B80E-9A8EC7EF7B15}.Release|Any CPU.Build.0 = Release|Any CPU
	EndGlobalSection
	GlobalSection(SolutionProperties) = preSolution
		HideSolutionNode = FALSE
	EndGlobalSection
	GlobalSection(ExtensibilityGlobals) = postSolution
		SolutionGuid = {FDD2B10E-601E-4065-A9B5-C4129C924469}
	EndGlobalSection
EndGlobal
